{
    "name": "@locomote.sh/file.api",
    "version": "0.8.2",
    "lockfileVersion": 1,
    "requires": true,
    "dependencies": {
        "@locomote.sh/idb": {
            "version": "file:../idb"
        },
        "@locomote.sh/utils": {
            "version": "git+https://github.com/locomote-sh/utils.git#0a36f578de2f7d9e7e66a9a47921584f49d352b9",
            "from": "git+https://github.com/locomote-sh/utils.git"
        }
    }
}
